// !$*UTF8*$!
{
	archiveVersion = 1;
	classes = {
	};
	objectVersion = 45;
	objects = {

/* Begin PBXBuildFile section */
		1DDD58160DA1D0A300B32029 /* MainMenu.xib in Resources */ = {isa = PBXBuildFile; fileRef = 1DDD58140DA1D0A300B32029 /* MainMenu.xib */; };
		256AC3DA0F4B6AC300CF3369 /* TermKitAppDelegate.m in Sources */ = {isa = PBXBuildFile; fileRef = 256AC3D90F4B6AC300CF3369 /* TermKitAppDelegate.m */; };
		8D11072B0486CEB800E47090 /* InfoPlist.strings in Resources */ = {isa = PBXBuildFile; fileRef = 089C165CFE840E0CC02AAC07 /* InfoPlist.strings */; };
		8D11072D0486CEB800E47090 /* main.m in Sources */ = {isa = PBXBuildFile; fileRef = 29B97316FDCFA39411CA2CEA /* main.m */; settings = {ATTRIBUTES = (); }; };
		8D11072F0486CEB800E47090 /* Cocoa.framework in Frameworks */ = {isa = PBXBuildFile; fileRef = 1058C7A1FEA54F0111CA2CBB /* Cocoa.framework */; };
		B029D87A1380E4430033B680 /* TermKitPrefsController.m in Sources */ = {isa = PBXBuildFile; fileRef = B029D8791380E4430033B680 /* TermKitPrefsController.m */; };
		B041C7F6127AA36F0098469B /* Window.xib in Resources */ = {isa = PBXBuildFile; fileRef = B041C7F4127AA36F0098469B /* Window.xib */; };
		B041C8DD127AA9AD0098469B /* TermKitWindowController.m in Sources */ = {isa = PBXBuildFile; fileRef = B041C8DC127AA9AD0098469B /* TermKitWindowController.m */; };
		B090FFFC11E1CE7800AC604B /* WebKit.framework in Frameworks */ = {isa = PBXBuildFile; fileRef = B090FFFB11E1CE7800AC604B /* WebKit.framework */; };
		B092CBE6137BFAFE006B52CB /* Preferences.xib in Resources */ = {isa = PBXBuildFile; fileRef = B092CBE4137BFAFE006B52CB /* Preferences.xib */; };
		B0965B7D11DB375E00350D83 /* Terminal.xib in Resources */ = {isa = PBXBuildFile; fileRef = B0965B7B11DB375E00350D83 /* Terminal.xib */; };
		B0965B8211DB380600350D83 /* TermKitWebView.m in Sources */ = {isa = PBXBuildFile; fileRef = B0965B8111DB380600350D83 /* TermKitWebView.m */; };
		B0B02B2711E2CDA4004C960F /* TermKitTerminalController.m in Sources */ = {isa = PBXBuildFile; fileRef = B0B02B2611E2CDA4004C960F /* TermKitTerminalController.m */; };
		B0B02B7111E31B56004C960F /* HTML in Resources */ = {isa = PBXBuildFile; fileRef = B0B02B5D11E31B55004C960F /* HTML */; };
		B0B1899711E7C2A900C62CEC /* TermKit.icns in Resources */ = {isa = PBXBuildFile; fileRef = B0B1899611E7C2A900C62CEC /* TermKit.icns */; };
		B0C532851352271300A92633 /* Shared in Resources */ = {isa = PBXBuildFile; fileRef = B0C532821352271300A92633 /* Shared */; };
		B0CAB03B12685FE50085604B /* NSImage+QuickLook.m in Sources */ = {isa = PBXBuildFile; fileRef = B0CAB03A12685FE50085604B /* NSImage+QuickLook.m */; };
		B0CAB03F12686AF70085604B /* TermKitIconProtocol.m in Sources */ = {isa = PBXBuildFile; fileRef = B0CAB03E12686AF70085604B /* TermKitIconProtocol.m */; };
		B0CAB04612686D220085604B /* TermKitIconLoadDelegate.m in Sources */ = {isa = PBXBuildFile; fileRef = B0CAB04512686D220085604B /* TermKitIconLoadDelegate.m */; };
		B0CAB063126876B80085604B /* QuickLook.framework in Frameworks */ = {isa = PBXBuildFile; fileRef = B0CAB062126876B80085604B /* QuickLook.framework */; };
/* End PBXBuildFile section */

/* Begin PBXFileReference section */
		089C165DFE840E0CC02AAC07 /* English */ = {isa = PBXFileReference; fileEncoding = 4; lastKnownFileType = text.plist.strings; name = English; path = English.lproj/InfoPlist.strings; sourceTree = "<group>"; };
		1058C7A1FEA54F0111CA2CBB /* Cocoa.framework */ = {isa = PBXFileReference; lastKnownFileType = wrapper.framework; name = Cocoa.framework; path = /System/Library/Frameworks/Cocoa.framework; sourceTree = "<absolute>"; };
		13E42FB307B3F0F600E4EEF1 /* CoreData.framework */ = {isa = PBXFileReference; lastKnownFileType = wrapper.framework; name = CoreData.framework; path = /System/Library/Frameworks/CoreData.framework; sourceTree = "<absolute>"; };
		1DDD58150DA1D0A300B32029 /* English */ = {isa = PBXFileReference; lastKnownFileType = file.xib; name = English; path = English.lproj/MainMenu.xib; sourceTree = "<group>"; };
		256AC3D80F4B6AC300CF3369 /* TermKitAppDelegate.h */ = {isa = PBXFileReference; fileEncoding = 4; lastKnownFileType = sourcecode.c.h; path = TermKitAppDelegate.h; sourceTree = "<group>"; };
		256AC3D90F4B6AC300CF3369 /* TermKitAppDelegate.m */ = {isa = PBXFileReference; fileEncoding = 4; lastKnownFileType = sourcecode.c.objc; path = TermKitAppDelegate.m; sourceTree = "<group>"; };
		256AC3F00F4B6AF500CF3369 /* TermKit_Prefix.pch */ = {isa = PBXFileReference; fileEncoding = 4; lastKnownFileType = sourcecode.c.h; path = TermKit_Prefix.pch; sourceTree = "<group>"; };
		29B97316FDCFA39411CA2CEA /* main.m */ = {isa = PBXFileReference; fileEncoding = 4; lastKnownFileType = sourcecode.c.objc; path = main.m; sourceTree = "<group>"; };
		29B97324FDCFA39411CA2CEA /* AppKit.framework */ = {isa = PBXFileReference; lastKnownFileType = wrapper.framework; name = AppKit.framework; path = /System/Library/Frameworks/AppKit.framework; sourceTree = "<absolute>"; };
		29B97325FDCFA39411CA2CEA /* Foundation.framework */ = {isa = PBXFileReference; lastKnownFileType = wrapper.framework; name = Foundation.framework; path = /System/Library/Frameworks/Foundation.framework; sourceTree = "<absolute>"; };
		8D1107310486CEB800E47090 /* TermKit-Info.plist */ = {isa = PBXFileReference; fileEncoding = 4; lastKnownFileType = text.plist.xml; path = "TermKit-Info.plist"; sourceTree = "<group>"; };
		8D1107320486CEB800E47090 /* TermKit.app */ = {isa = PBXFileReference; explicitFileType = wrapper.application; includeInIndex = 0; path = TermKit.app; sourceTree = BUILT_PRODUCTS_DIR; };
		B029D8781380E4430033B680 /* TermKitPrefsController.h */ = {isa = PBXFileReference; fileEncoding = 4; lastKnownFileType = sourcecode.c.h; path = TermKitPrefsController.h; sourceTree = "<group>"; };
		B029D8791380E4430033B680 /* TermKitPrefsController.m */ = {isa = PBXFileReference; fileEncoding = 4; lastKnownFileType = sourcecode.c.objc; path = TermKitPrefsController.m; sourceTree = "<group>"; };
		B041C7F5127AA36F0098469B /* English */ = {isa = PBXFileReference; lastKnownFileType = file.xib; name = English; path = English.lproj/Window.xib; sourceTree = "<group>"; };
		B041C8DB127AA9AD0098469B /* TermKitWindowController.h */ = {isa = PBXFileReference; fileEncoding = 4; lastKnownFileType = sourcecode.c.h; path = TermKitWindowController.h; sourceTree = "<group>"; };
		B041C8DC127AA9AD0098469B /* TermKitWindowController.m */ = {isa = PBXFileReference; fileEncoding = 4; lastKnownFileType = sourcecode.c.objc; path = TermKitWindowController.m; sourceTree = "<group>"; };
		B061E2A0136AB12000F4632D /* WebInspector.h */ = {isa = PBXFileReference; fileEncoding = 4; lastKnownFileType = sourcecode.c.h; path = WebInspector.h; sourceTree = "<group>"; };
		B090FFFB11E1CE7800AC604B /* WebKit.framework */ = {isa = PBXFileReference; lastKnownFileType = wrapper.framework; name = WebKit.framework; path = /System/Library/Frameworks/WebKit.framework; sourceTree = "<absolute>"; };
		B092CBE5137BFAFE006B52CB /* English */ = {isa = PBXFileReference; lastKnownFileType = file.xib; name = English; path = English.lproj/Preferences.xib; sourceTree = "<group>"; };
		B0965B7C11DB375E00350D83 /* English */ = {isa = PBXFileReference; lastKnownFileType = file.xib; name = English; path = English.lproj/Terminal.xib; sourceTree = "<group>"; };
		B0965B8011DB380600350D83 /* TermKitWebView.h */ = {isa = PBXFileReference; fileEncoding = 4; lastKnownFileType = sourcecode.c.h; path = TermKitWebView.h; sourceTree = "<group>"; };
		B0965B8111DB380600350D83 /* TermKitWebView.m */ = {isa = PBXFileReference; fileEncoding = 4; lastKnownFileType = sourcecode.c.objc; path = TermKitWebView.m; sourceTree = "<group>"; };
		B0B02B2511E2CDA4004C960F /* TermKitTerminalController.h */ = {isa = PBXFileReference; fileEncoding = 4; lastKnownFileType = sourcecode.c.h; path = TermKitTerminalController.h; sourceTree = "<group>"; };
		B0B02B2611E2CDA4004C960F /* TermKitTerminalController.m */ = {isa = PBXFileReference; fileEncoding = 4; lastKnownFileType = sourcecode.c.objc; path = TermKitTerminalController.m; sourceTree = "<group>"; };
		B0B02B5D11E31B55004C960F /* HTML */ = {isa = PBXFileReference; lastKnownFileType = folder; name = HTML; path = ../../HTML; sourceTree = SOURCE_ROOT; };
		B0B1899611E7C2A900C62CEC /* TermKit.icns */ = {isa = PBXFileReference; lastKnownFileType = image.icns; path = TermKit.icns; sourceTree = "<group>"; };
		B0C532821352271300A92633 /* Shared */ = {isa = PBXFileReference; lastKnownFileType = folder; name = Shared; path = ../../Shared; sourceTree = SOURCE_ROOT; };
		B0CAB03912685FE50085604B /* NSImage+QuickLook.h */ = {isa = PBXFileReference; fileEncoding = 4; lastKnownFileType = sourcecode.c.h; name = "NSImage+QuickLook.h"; path = "NSImageQuickLook/NSImage+QuickLook.h"; sourceTree = "<group>"; };
		B0CAB03A12685FE50085604B /* NSImage+QuickLook.m */ = {isa = PBXFileReference; fileEncoding = 4; lastKnownFileType = sourcecode.c.objc; name = "NSImage+QuickLook.m"; path = "NSImageQuickLook/NSImage+QuickLook.m"; sourceTree = "<group>"; };
		B0CAB03D12686AF70085604B /* TermKitIconProtocol.h */ = {isa = PBXFileReference; fileEncoding = 4; lastKnownFileType = sourcecode.c.h; path = TermKitIconProtocol.h; sourceTree = "<group>"; };
		B0CAB03E12686AF70085604B /* TermKitIconProtocol.m */ = {isa = PBXFileReference; fileEncoding = 4; lastKnownFileType = sourcecode.c.objc; path = TermKitIconProtocol.m; sourceTree = "<group>"; };
		B0CAB04412686D220085604B /* TermKitIconLoadDelegate.h */ = {isa = PBXFileReference; fileEncoding = 4; lastKnownFileType = sourcecode.c.h; path = TermKitIconLoadDelegate.h; sourceTree = "<group>"; };
		B0CAB04512686D220085604B /* TermKitIconLoadDelegate.m */ = {isa = PBXFileReference; fileEncoding = 4; lastKnownFileType = sourcecode.c.objc; path = TermKitIconLoadDelegate.m; sourceTree = "<group>"; };
		B0CAB062126876B80085604B /* QuickLook.framework */ = {isa = PBXFileReference; lastKnownFileType = wrapper.framework; name = QuickLook.framework; path = /System/Library/Frameworks/QuickLook.framework; sourceTree = "<absolute>"; };
/* End PBXFileReference section */

/* Begin PBXFrameworksBuildPhase section */
		8D11072E0486CEB800E47090 /* Frameworks */ = {
			isa = PBXFrameworksBuildPhase;
			buildActionMask = 2147483647;
			files = (
				8D11072F0486CEB800E47090 /* Cocoa.framework in Frameworks */,
				B090FFFC11E1CE7800AC604B /* WebKit.framework in Frameworks */,
				B0CAB063126876B80085604B /* QuickLook.framework in Frameworks */,
			);
			runOnlyForDeploymentPostprocessing = 0;
		};
/* End PBXFrameworksBuildPhase section */

/* Begin PBXGroup section */
		080E96DDFE201D6D7F000001 /* Classes */ = {
			isa = PBXGroup;
			children = (
				B0CAB03912685FE50085604B /* NSImage+QuickLook.h */,
				B0CAB03A12685FE50085604B /* NSImage+QuickLook.m */,
				256AC3D80F4B6AC300CF3369 /* TermKitAppDelegate.h */,
				256AC3D90F4B6AC300CF3369 /* TermKitAppDelegate.m */,
				B029D8781380E4430033B680 /* TermKitPrefsController.h */,
				B029D8791380E4430033B680 /* TermKitPrefsController.m */,
				B0CAB03D12686AF70085604B /* TermKitIconProtocol.h */,
				B0CAB03E12686AF70085604B /* TermKitIconProtocol.m */,
				B0CAB04412686D220085604B /* TermKitIconLoadDelegate.h */,
				B0CAB04512686D220085604B /* TermKitIconLoadDelegate.m */,
				B0B02B2511E2CDA4004C960F /* TermKitTerminalController.h */,
				B0B02B2611E2CDA4004C960F /* TermKitTerminalController.m */,
				B0965B8011DB380600350D83 /* TermKitWebView.h */,
				B0965B8111DB380600350D83 /* TermKitWebView.m */,
				B041C8DB127AA9AD0098469B /* TermKitWindowController.h */,
				B041C8DC127AA9AD0098469B /* TermKitWindowController.m */,
				B061E2A0136AB12000F4632D /* WebInspector.h */,
			);
			name = Classes;
			sourceTree = "<group>";
		};
		1058C7A0FEA54F0111CA2CBB /* Linked Frameworks */ = {
			isa = PBXGroup;
			children = (
				B0CAB062126876B80085604B /* QuickLook.framework */,
				B090FFFB11E1CE7800AC604B /* WebKit.framework */,
				1058C7A1FEA54F0111CA2CBB /* Cocoa.framework */,
			);
			name = "Linked Frameworks";
			sourceTree = "<group>";
		};
		1058C7A2FEA54F0111CA2CBB /* Other Frameworks */ = {
			isa = PBXGroup;
			children = (
				29B97324FDCFA39411CA2CEA /* AppKit.framework */,
				13E42FB307B3F0F600E4EEF1 /* CoreData.framework */,
				29B97325FDCFA39411CA2CEA /* Foundation.framework */,
			);
			name = "Other Frameworks";
			sourceTree = "<group>";
		};
		19C28FACFE9D520D11CA2CBB /* Products */ = {
			isa = PBXGroup;
			children = (
				8D1107320486CEB800E47090 /* TermKit.app */,
			);
			name = Products;
			sourceTree = "<group>";
		};
		29B97314FDCFA39411CA2CEA /* TermKit */ = {
			isa = PBXGroup;
			children = (
				080E96DDFE201D6D7F000001 /* Classes */,
				29B97315FDCFA39411CA2CEA /* Other Sources */,
				29B97317FDCFA39411CA2CEA /* Resources */,
				29B97323FDCFA39411CA2CEA /* Frameworks */,
				19C28FACFE9D520D11CA2CBB /* Products */,
			);
			name = TermKit;
			sourceTree = "<group>";
		};
		29B97315FDCFA39411CA2CEA /* Other Sources */ = {
			isa = PBXGroup;
			children = (
				256AC3F00F4B6AF500CF3369 /* TermKit_Prefix.pch */,
				29B97316FDCFA39411CA2CEA /* main.m */,
			);
			name = "Other Sources";
			sourceTree = "<group>";
		};
		29B97317FDCFA39411CA2CEA /* Resources */ = {
			isa = PBXGroup;
			children = (
				B0B02B5D11E31B55004C960F /* HTML */,
				B0C532821352271300A92633 /* Shared */,
				1DDD58140DA1D0A300B32029 /* MainMenu.xib */,
				B092CBE4137BFAFE006B52CB /* Preferences.xib */,
				B0965B7B11DB375E00350D83 /* Terminal.xib */,
				B041C7F4127AA36F0098469B /* Window.xib */,
				8D1107310486CEB800E47090 /* TermKit-Info.plist */,
				B0B1899611E7C2A900C62CEC /* TermKit.icns */,
				089C165CFE840E0CC02AAC07 /* InfoPlist.strings */,
			);
			name = Resources;
			sourceTree = "<group>";
		};
		29B97323FDCFA39411CA2CEA /* Frameworks */ = {
			isa = PBXGroup;
			children = (
				1058C7A0FEA54F0111CA2CBB /* Linked Frameworks */,
				1058C7A2FEA54F0111CA2CBB /* Other Frameworks */,
			);
			name = Frameworks;
			sourceTree = "<group>";
		};
/* End PBXGroup section */

/* Begin PBXNativeTarget section */
		8D1107260486CEB800E47090 /* TermKit */ = {
			isa = PBXNativeTarget;
			buildConfigurationList = C01FCF4A08A954540054247B /* Build configuration list for PBXNativeTarget "TermKit" */;
			buildPhases = (
				8D1107290486CEB800E47090 /* Resources */,
				B0494B22124369A600867892 /* ShellScript */,
				8D11072C0486CEB800E47090 /* Sources */,
				8D11072E0486CEB800E47090 /* Frameworks */,
			);
			buildRules = (
			);
			dependencies = (
			);
			name = TermKit;
			productInstallPath = "$(HOME)/Applications";
			productName = TermKit;
			productReference = 8D1107320486CEB800E47090 /* TermKit.app */;
			productType = "com.apple.product-type.application";
		};
/* End PBXNativeTarget section */

/* Begin PBXProject section */
		29B97313FDCFA39411CA2CEA /* Project object */ = {
			isa = PBXProject;
			buildConfigurationList = C01FCF4E08A954540054247B /* Build configuration list for PBXProject "TermKit" */;
			compatibilityVersion = "Xcode 3.1";
			developmentRegion = English;
			hasScannedForEncodings = 1;
			knownRegions = (
				English,
				Japanese,
				French,
				German,
			);
			mainGroup = 29B97314FDCFA39411CA2CEA /* TermKit */;
			projectDirPath = "";
			projectRoot = "";
			targets = (
				8D1107260486CEB800E47090 /* TermKit */,
			);
		};
/* End PBXProject section */

/* Begin PBXResourcesBuildPhase section */
		8D1107290486CEB800E47090 /* Resources */ = {
			isa = PBXResourcesBuildPhase;
			buildActionMask = 2147483647;
			files = (
				8D11072B0486CEB800E47090 /* InfoPlist.strings in Resources */,
				1DDD58160DA1D0A300B32029 /* MainMenu.xib in Resources */,
				B092CBE6137BFAFE006B52CB /* Preferences.xib in Resources */,
				B0965B7D11DB375E00350D83 /* Terminal.xib in Resources */,
				B041C7F6127AA36F0098469B /* Window.xib in Resources */,
				B0B02B7111E31B56004C960F /* HTML in Resources */,
				B0B1899711E7C2A900C62CEC /* TermKit.icns in Resources */,
				B0C532851352271300A92633 /* Shared in Resources */,
			);
			runOnlyForDeploymentPostprocessing = 0;
		};
/* End PBXResourcesBuildPhase section */

/* Begin PBXShellScriptBuildPhase section */
		B0494B22124369A600867892 /* ShellScript */ = {
			isa = PBXShellScriptBuildPhase;
			buildActionMask = 2147483647;
			files = (
			);
			inputPaths = (
			);
			outputPaths = (
			);
			runOnlyForDeploymentPostprocessing = 0;
			shellPath = /bin/sh;
			shellScript = "html=\"$TARGET_BUILD_DIR/$UNLOCALIZED_RESOURCES_FOLDER_PATH/HTML\"\nrm -rf \"$html/socket.io\"\nmkdir \"$html/socket.io\"\ncp -r ../../Node/node_modules/socket.io-client/* \"$html/socket.io\"";
		};
/* End PBXShellScriptBuildPhase section */

/* Begin PBXSourcesBuildPhase section */
		8D11072C0486CEB800E47090 /* Sources */ = {
			isa = PBXSourcesBuildPhase;
			buildActionMask = 2147483647;
			files = (
				8D11072D0486CEB800E47090 /* main.m in Sources */,
				256AC3DA0F4B6AC300CF3369 /* TermKitAppDelegate.m in Sources */,
				B0965B8211DB380600350D83 /* TermKitWebView.m in Sources */,
				B0B02B2711E2CDA4004C960F /* TermKitTerminalController.m in Sources */,
				B0CAB03B12685FE50085604B /* NSImage+QuickLook.m in Sources */,
				B0CAB03F12686AF70085604B /* TermKitIconProtocol.m in Sources */,
				B0CAB04612686D220085604B /* TermKitIconLoadDelegate.m in Sources */,
				B041C8DD127AA9AD0098469B /* TermKitWindowController.m in Sources */,
				B029D87A1380E4430033B680 /* TermKitPrefsController.m in Sources */,
			);
			runOnlyForDeploymentPostprocessing = 0;
		};
/* End PBXSourcesBuildPhase section */

/* Begin PBXVariantGroup section */
		089C165CFE840E0CC02AAC07 /* InfoPlist.strings */ = {
			isa = PBXVariantGroup;
			children = (
				089C165DFE840E0CC02AAC07 /* English */,
			);
			name = InfoPlist.strings;
			sourceTree = "<group>";
		};
		1DDD58140DA1D0A300B32029 /* MainMenu.xib */ = {
			isa = PBXVariantGroup;
			children = (
				1DDD58150DA1D0A300B32029 /* English */,
			);
			name = MainMenu.xib;
			sourceTree = "<group>";
		};
		B041C7F4127AA36F0098469B /* Window.xib */ = {
			isa = PBXVariantGroup;
			children = (
				B041C7F5127AA36F0098469B /* English */,
			);
			name = Window.xib;
			sourceTree = "<group>";
		};
		B092CBE4137BFAFE006B52CB /* Preferences.xib */ = {
			isa = PBXVariantGroup;
			children = (
				B092CBE5137BFAFE006B52CB /* English */,
			);
			name = Preferences.xib;
			sourceTree = "<group>";
		};
		B0965B7B11DB375E00350D83 /* Terminal.xib */ = {
			isa = PBXVariantGroup;
			children = (
				B0965B7C11DB375E00350D83 /* English */,
			);
			name = Terminal.xib;
			sourceTree = "<group>";
		};
/* End PBXVariantGroup section */

/* Begin XCBuildConfiguration section */
		C01FCF4B08A954540054247B /* Debug */ = {
			isa = XCBuildConfiguration;
			buildSettings = {
				ALWAYS_SEARCH_USER_PATHS = NO;
				COPY_PHASE_STRIP = NO;
				GCC_DYNAMIC_NO_PIC = NO;
				GCC_ENABLE_FIX_AND_CONTINUE = YES;
				GCC_MODEL_TUNING = G5;
				GCC_OPTIMIZATION_LEVEL = 0;
				GCC_PRECOMPILE_PREFIX_HEADER = YES;
				GCC_PREFIX_HEADER = TermKit_Prefix.pch;
				GENERATE_PROFILING_CODE = YES;
				INFOPLIST_FILE = "TermKit-Info.plist";
				INSTALL_PATH = "$(HOME)/Applications";
				PRODUCT_NAME = TermKit;
				RUN_CLANG_STATIC_ANALYZER = YES;
			};
			name = Debug;
		};
		C01FCF4C08A954540054247B /* Release */ = {
			isa = XCBuildConfiguration;
			buildSettings = {
				ALWAYS_SEARCH_USER_PATHS = NO;
				DEBUG_INFORMATION_FORMAT = "dwarf-with-dsym";
				GCC_MODEL_TUNING = G5;
				GCC_PRECOMPILE_PREFIX_HEADER = YES;
				GCC_PREFIX_HEADER = TermKit_Prefix.pch;
				INFOPLIST_FILE = "TermKit-Info.plist";
				INSTALL_PATH = "$(HOME)/Applications";
				PRODUCT_NAME = TermKit;
			};
			name = Release;
		};
		C01FCF4F08A954540054247B /* Debug */ = {
			isa = XCBuildConfiguration;
			buildSettings = {
				ARCHS = "$(ARCHS_STANDARD_32_64_BIT)";
				GCC_C_LANGUAGE_STANDARD = gnu99;
				GCC_OPTIMIZATION_LEVEL = 0;
				GCC_WARN_ABOUT_RETURN_TYPE = YES;
				GCC_WARN_UNUSED_VARIABLE = YES;
				ONLY_ACTIVE_ARCH = YES;
				PREBINDING = NO;
				SDKROOT = macosx10.6;
			};
			name = Debug;
		};
		C01FCF5008A954540054247B /* Release */ = {
			isa = XCBuildConfiguration;
			buildSettings = {
				ARCHS = "$(ARCHS_STANDARD_32_64_BIT)";
				GCC_C_LANGUAGE_STANDARD = gnu99;
				GCC_WARN_ABOUT_RETURN_TYPE = YES;
				GCC_WARN_UNUSED_VARIABLE = YES;
				PREBINDING = NO;
				SDKROOT = macosx10.6;
			};
			name = Release;
		};
/* End XCBuildConfiguration section */

/* Begin XCConfigurationList section */
		C01FCF4A08A954540054247B /* Build configuration list for PBXNativeTarget "TermKit" */ = {
			isa = XCConfigurationList;
			buildConfigurations = (
				C01FCF4B08A954540054247B /* Debug */,
				C01FCF4C08A954540054247B /* Release */,
			);
			defaultConfigurationIsVisible = 0;
			defaultConfigurationName = Release;
		};
		C01FCF4E08A954540054247B /* Build configuration list for PBXProject "TermKit" */ = {
			isa = XCConfigurationList;
			buildConfigurations = (
				C01FCF4F08A954540054247B /* Debug */,
				C01FCF5008A954540054247B /* Release */,
			);
			defaultConfigurationIsVisible = 0;
			defaultConfigurationName = Release;
		};
/* End XCConfigurationList section */
	};
	rootObject = 29B97313FDCFA39411CA2CEA /* Project object */;
}
